<?xml version="1.0" encoding="utf-8"?>
<Project ToolsVersion="4.0" xmlns="http://schemas.microsoft.com/developer/msbuild/2003">
  <ItemGroup>
    <Filter Include="Исходные файлы">
      <UniqueIdentifier>{4FC737F1-C7A5-4376-A066-2A32D752A2FF}</UniqueIdentifier>
      <Extensions>cpp;c;cc;cxx;c++;cppm;ixx;def;odl;idl;hpj;bat;asm;asmx</Extensions>
    </Filter>
    <Filter Include="Файлы заголовков">
      <UniqueIdentifier>{93995380-89BD-4b04-88EB-625FBE52EBFB}</UniqueIdentifier>
      <Extensions>h;hh;hpp;hxx;h++;hm;inl;inc;ipp;xsd</Extensions>
    </Filter>
    <Filter Include="Файлы ресурсов">
      <UniqueIdentifier>{67DA6AB6-F800-4c08-8B7A-83BB121AAD01}</UniqueIdentifier>
      <Extensions>rc;ico;cur;bmp;dlg;rc2;rct;bin;rgs;gif;jpg;jpeg;jpe;resx;tiff;tif;png;wav;mfcribbon-ms</Extensions>
    </Filter>
    <Filter Include="Controllers">
      <UniqueIdentifier>{f3284a8a-9a2c-4aae-97f9-e63e724390eb}</UniqueIdentifier>
    </Filter>
    <Filter Include="Structs">
      <UniqueIdentifier>{5050bc3d-6b9a-4086-a775-b9630b6b591e}</UniqueIdentifier>
    </Filter>
    <Filter Include="Models">
      <UniqueIdentifier>{f37ab232-ffb1-4294-bae6-f37f788fcb07}</UniqueIdentifier>
    </Filter>
    <Filter Include="Interfaces">
      <UniqueIdentifier>{58f2e5d2-c2c1-4732-9ed9-7633be964a97}</UniqueIdentifier>
    </Filter>
    <Filter Include="Enums">
      <UniqueIdentifier>{23a57548-d9cd-42e9-a52e-49669a6b5982}</UniqueIdentifier>
    </Filter>
  </ItemGroup>
  <ItemGroup>
    <ClInclude Include="pch.h">
      <Filter>Файлы заголовков</Filter>
    </ClInclude>
    <ClInclude Include="TetrisGame.h">
      <Filter>Файлы заголовков</Filter>
    </ClInclude>
    <ClInclude Include="Game.h">
      <Filter>Файлы заголовков</Filter>
    </ClInclude>
    <ClInclude Include="GameMapController.h">
      <Filter>Controllers</Filter>
    </ClInclude>
    <ClInclude Include="ControllerLocator.h">
      <Filter>Файлы заголовков</Filter>
    </ClInclude>
    <ClInclude Include="ColorRGB.h">
      <Filter>Structs</Filter>
    </ClInclude>
    <ClInclude Include="Shape.h">
      <Filter>Models</Filter>
    </ClInclude>
    <ClInclude Include="EntityCreator.h">
      <Filter>Controllers</Filter>
    </ClInclude>
    <ClInclude Include="IShape.h">
      <Filter>Interfaces</Filter>
    </ClInclude>
    <ClInclude Include="ShapeEnum.h">
      <Filter>Enums</Filter>
    </ClInclude>
  </ItemGroup>
  <ItemGroup>
    <ClCompile Include="pch.cpp">
      <Filter>Исходные файлы</Filter>
    </ClCompile>
    <ClCompile Include="TetrisGame.cpp">
      <Filter>Исходные файлы</Filter>
    </ClCompile>
    <ClCompile Include="Game.cpp">
      <Filter>Исходные файлы</Filter>
    </ClCompile>
    <ClCompile Include="GameMapController.cpp">
      <Filter>Controllers</Filter>
    </ClCompile>
    <ClCompile Include="Shape.cpp">
      <Filter>Models</Filter>
    </ClCompile>
    <ClCompile Include="EntityCreator.cpp">
      <Filter>Controllers</Filter>
    </ClCompile>
  </ItemGroup>
</Project>